<?xml version="1.0" encoding="utf-8"?>
<Project ToolsVersion="4.0" xmlns="http://schemas.microsoft.com/developer/msbuild/2003">
  <ItemGroup>
    <Filter Include="源文件">
      <UniqueIdentifier>{4FC737F1-C7A5-4376-A066-2A32D752A2FF}</UniqueIdentifier>
      <Extensions>cpp;c;cc;cxx;def;odl;idl;hpj;bat;asm;asmx</Extensions>
    </Filter>
    <Filter Include="头文件">
      <UniqueIdentifier>{93995380-89BD-4b04-88EB-625FBE52EBFB}</UniqueIdentifier>
      <Extensions>h;hpp;hxx;hm;inl;inc;xsd</Extensions>
    </Filter>
    <Filter Include="资源文件">
      <UniqueIdentifier>{67DA6AB6-F800-4c08-8B7A-83BB121AAD01}</UniqueIdentifier>
      <Extensions>rc;ico;cur;bmp;dlg;rc2;rct;bin;rgs;gif;jpg;jpeg;jpe;resx;tiff;tif;png;wav;mfcribbon-ms</Extensions>
    </Filter>
  </ItemGroup>
  <ItemGroup>
    <None Include="..\README.md">
      <Filter>资源文件</Filter>
    </None>
  </ItemGroup>
  <ItemGroup>
    <ClInclude Include="inc\heap.h">
      <Filter>头文件</Filter>
    </ClInclude>
    <ClInclude Include="inc\linkedlist_double.h">
      <Filter>头文件</Filter>
    </ClInclude>
    <ClInclude Include="inc\linkedlist_single.h">
      <Filter>头文件</Filter>
    </ClInclude>
    <ClInclude Include="inc\queue.h">
      <Filter>头文件</Filter>
    </ClInclude>
    <ClInclude Include="inc\search.h">
      <Filter>头文件</Filter>
    </ClInclude>
    <ClInclude Include="inc\sort.h">
      <Filter>头文件</Filter>
    </ClInclude>
    <ClInclude Include="inc\string_my.h">
      <Filter>头文件</Filter>
    </ClInclude>
    <ClInclude Include="inc\tree.h">
      <Filter>头文件</Filter>
    </ClInclude>
    <ClInclude Include="inc\tree_binary.h">
      <Filter>头文件</Filter>
    </ClInclude>
    <ClInclude Include="inc\tree_huffman.h">
      <Filter>头文件</Filter>
    </ClInclude>
    <ClInclude Include="inc\type.h">
      <Filter>头文件</Filter>
    </ClInclude>
    <ClInclude Include="inc\stack.h">
      <Filter>头文件</Filter>
    </ClInclude>
  </ItemGroup>
  <ItemGroup>
    <ClCompile Include="src\application.cpp">
      <Filter>源文件</Filter>
    </ClCompile>
    <ClCompile Include="src\heap.cpp">
      <Filter>源文件</Filter>
    </ClCompile>
    <ClCompile Include="src\linkedlist_double.cpp">
      <Filter>源文件</Filter>
    </ClCompile>
    <ClCompile Include="src\linkedlist_single.cpp">
      <Filter>源文件</Filter>
    </ClCompile>
    <ClCompile Include="src\main.cpp">
      <Filter>源文件</Filter>
    </ClCompile>
    <ClCompile Include="src\queue.cpp">
      <Filter>源文件</Filter>
    </ClCompile>
    <ClCompile Include="src\search.cpp">
      <Filter>源文件</Filter>
    </ClCompile>
    <ClCompile Include="src\sort.cpp">
      <Filter>源文件</Filter>
    </ClCompile>
    <ClCompile Include="src\stack.cpp">
      <Filter>源文件</Filter>
    </ClCompile>
    <ClCompile Include="src\tree.cpp">
      <Filter>源文件</Filter>
    </ClCompile>
    <ClCompile Include="src\tree_binary.cpp">
      <Filter>源文件</Filter>
    </ClCompile>
    <ClCompile Include="src\tree_huffman.cpp">
      <Filter>源文件</Filter>
    </ClCompile>
  </ItemGroup>
</Project>